// !$*UTF8*$!
{
	archiveVersion = 1;
	classes = {
	};
	objectVersion = 48;
	objects = {

/* Begin PBXBuildFile section */
		687B96971FD02E7A00F39AD2 /* AppDelegate.swift in Sources */ = {isa = PBXBuildFile; fileRef = 687B96961FD02E7A00F39AD2 /* AppDelegate.swift */; };
		687B96991FD02E7A00F39AD2 /* ViewController.swift in Sources */ = {isa = PBXBuildFile; fileRef = 687B96981FD02E7A00F39AD2 /* ViewController.swift */; };
		687B969C1FD02E7A00F39AD2 /* Main.storyboard in Resources */ = {isa = PBXBuildFile; fileRef = 687B969A1FD02E7A00F39AD2 /* Main.storyboard */; };
		687B969E1FD02E7A00F39AD2 /* Assets.xcassets in Resources */ = {isa = PBXBuildFile; fileRef = 687B969D1FD02E7A00F39AD2 /* Assets.xcassets */; };
		687B96A11FD02E7A00F39AD2 /* LaunchScreen.storyboard in Resources */ = {isa = PBXBuildFile; fileRef = 687B969F1FD02E7A00F39AD2 /* LaunchScreen.storyboard */; };
		68B0B44F1FD1761300E1AD10 /* YouTubePlayer in Embed Frameworks */ = {isa = PBXBuildFile; fileRef = 68B0B44D1FD175E800E1AD10 /* YouTubePlayer */; };
		68B0B4501FD1763800E1AD10 /* YouTubePlayer.framework in Frameworks */ = {isa = PBXBuildFile; fileRef = 68B0B4511FD1763800E1AD10 /* YouTubePlayer.framework */; };
/* End PBXBuildFile section */

/* Begin PBXCopyFilesBuildPhase section */
		687B96AF1FD14EBD00F39AD2 /* Embed Frameworks */ = {
			isa = PBXCopyFilesBuildPhase;
			buildActionMask = 2147483647;
			dstPath = "";
			dstSubfolderSpec = 10;
			files = (
				68B0B44F1FD1761300E1AD10 /* YouTubePlayer in Embed Frameworks */,
			);
			name = "Embed Frameworks";
			runOnlyForDeploymentPostprocessing = 0;
		};
/* End PBXCopyFilesBuildPhase section */

/* Begin PBXFileReference section */
		687B96931FD02E7A00F39AD2 /* movieStreamerPoc.app */ = {isa = PBXFileReference; explicitFileType = wrapper.application; includeInIndex = 0; path = movieStreamerPoc.app; sourceTree = BUILT_PRODUCTS_DIR; };
		687B96961FD02E7A00F39AD2 /* AppDelegate.swift */ = {isa = PBXFileReference; lastKnownFileType = sourcecode.swift; path = AppDelegate.swift; sourceTree = "<group>"; };
		687B96981FD02E7A00F39AD2 /* ViewController.swift */ = {isa = PBXFileReference; lastKnownFileType = sourcecode.swift; path = ViewController.swift; sourceTree = "<group>"; };
		687B969B1FD02E7A00F39AD2 /* Base */ = {isa = PBXFileReference; lastKnownFileType = file.storyboard; name = Base; path = Base.lproj/Main.storyboard; sourceTree = "<group>"; };
		687B969D1FD02E7A00F39AD2 /* Assets.xcassets */ = {isa = PBXFileReference; lastKnownFileType = folder.assetcatalog; path = Assets.xcassets; sourceTree = "<group>"; };
		687B96A01FD02E7A00F39AD2 /* Base */ = {isa = PBXFileReference; lastKnownFileType = file.storyboard; name = Base; path = Base.lproj/LaunchScreen.storyboard; sourceTree = "<group>"; };
		687B96A21FD02E7A00F39AD2 /* Info.plist */ = {isa = PBXFileReference; lastKnownFileType = text.plist.xml; path = Info.plist; sourceTree = "<group>"; };
		687B96AB1FD04BD100F39AD2 /* YouTubePlayer.framework */ = {isa = PBXFileReference; lastKnownFileType = wrapper.framework; name = YouTubePlayer.framework; path = Carthage/Build/iOS/YouTubePlayer.framework; sourceTree = "<group>"; };
		68B0B44D1FD175E800E1AD10 /* YouTubePlayer */ = {isa = PBXFileReference; lastKnownFileType = folder; name = YouTubePlayer; path = ../YouTubePlayer; sourceTree = "<group>"; };
		68B0B4511FD1763800E1AD10 /* YouTubePlayer.framework */ = {isa = PBXFileReference; explicitFileType = wrapper.framework; path = YouTubePlayer.framework; sourceTree = BUILT_PRODUCTS_DIR; };
/* End PBXFileReference section */

/* Begin PBXFrameworksBuildPhase section */
		687B96901FD02E7A00F39AD2 /* Frameworks */ = {
			isa = PBXFrameworksBuildPhase;
			buildActionMask = 2147483647;
			files = (
				68B0B4501FD1763800E1AD10 /* YouTubePlayer.framework in Frameworks */,
			);
			runOnlyForDeploymentPostprocessing = 0;
		};
/* End PBXFrameworksBuildPhase section */

/* Begin PBXGroup section */
		687B968A1FD02E7A00F39AD2 = {
			isa = PBXGroup;
			children = (
				687B96951FD02E7A00F39AD2 /* movieStreamerPoc */,
				687B96941FD02E7A00F39AD2 /* Products */,
				687B96AA1FD04BD100F39AD2 /* Frameworks */,
			);
			sourceTree = "<group>";
		};
		687B96941FD02E7A00F39AD2 /* Products */ = {
			isa = PBXGroup;
			children = (
				687B96931FD02E7A00F39AD2 /* movieStreamerPoc.app */,
			);
			name = Products;
			sourceTree = "<group>";
		};
		687B96951FD02E7A00F39AD2 /* movieStreamerPoc */ = {
			isa = PBXGroup;
			children = (
				687B96961FD02E7A00F39AD2 /* AppDelegate.swift */,
				687B96981FD02E7A00F39AD2 /* ViewController.swift */,
				687B969A1FD02E7A00F39AD2 /* Main.storyboard */,
				687B969D1FD02E7A00F39AD2 /* Assets.xcassets */,
				687B969F1FD02E7A00F39AD2 /* LaunchScreen.storyboard */,
				687B96A21FD02E7A00F39AD2 /* Info.plist */,
			);
			path = movieStreamerPoc;
			sourceTree = "<group>";
		};
		687B96AA1FD04BD100F39AD2 /* Frameworks */ = {
			isa = PBXGroup;
			children = (
				68B0B4511FD1763800E1AD10 /* YouTubePlayer.framework */,
				68B0B44D1FD175E800E1AD10 /* YouTubePlayer */,
				687B96AB1FD04BD100F39AD2 /* YouTubePlayer.framework */,
			);
			name = Frameworks;
			sourceTree = "<group>";
		};
/* End PBXGroup section */

/* Begin PBXNativeTarget section */
		687B96921FD02E7A00F39AD2 /* movieStreamerPoc */ = {
			isa = PBXNativeTarget;
			buildConfigurationList = 687B96A51FD02E7A00F39AD2 /* Build configuration list for PBXNativeTarget "movieStreamerPoc" */;
			buildPhases = (
				687B968F1FD02E7A00F39AD2 /* Sources */,
				687B96901FD02E7A00F39AD2 /* Frameworks */,
				687B96911FD02E7A00F39AD2 /* Resources */,
				687B96AF1FD14EBD00F39AD2 /* Embed Frameworks */,
			);
			buildRules = (
			);
			dependencies = (
			);
			name = movieStreamerPoc;
			productName = movieStreamerPoc;
			productReference = 687B96931FD02E7A00F39AD2 /* movieStreamerPoc.app */;
			productType = "com.apple.product-type.application";
		};
/* End PBXNativeTarget section */

/* Begin PBXProject section */
		687B968B1FD02E7A00F39AD2 /* Project object */ = {
			isa = PBXProject;
			attributes = {
				LastSwiftUpdateCheck = 0910;
				LastUpgradeCheck = 0910;
				ORGANIZATIONNAME = "Thom Peele";
				TargetAttributes = {
					687B96921FD02E7A00F39AD2 = {
						CreatedOnToolsVersion = 9.1;
						ProvisioningStyle = Automatic;
					};
				};
			};
			buildConfigurationList = 687B968E1FD02E7A00F39AD2 /* Build configuration list for PBXProject "movieStreamerPoc" */;
			compatibilityVersion = "Xcode 8.0";
			developmentRegion = en;
			hasScannedForEncodings = 0;
			knownRegions = (
				en,
				Base,
			);
			mainGroup = 687B968A1FD02E7A00F39AD2;
			productRefGroup = 687B96941FD02E7A00F39AD2 /* Products */;
			projectDirPath = "";
			projectRoot = "";
			targets = (
				687B96921FD02E7A00F39AD2 /* movieStreamerPoc */,
			);
		};
/* End PBXProject section */

/* Begin PBXResourcesBuildPhase section */
		687B96911FD02E7A00F39AD2 /* Resources */ = {
			isa = PBXResourcesBuildPhase;
			buildActionMask = 2147483647;
			files = (
				687B96A11FD02E7A00F39AD2 /* LaunchScreen.storyboard in Resources */,
				687B969E1FD02E7A00F39AD2 /* Assets.xcassets in Resources */,
				687B969C1FD02E7A00F39AD2 /* Main.storyboard in Resources */,
			);
			runOnlyForDeploymentPostprocessing = 0;
		};
/* End PBXResourcesBuildPhase section */

/* Begin PBXSourcesBuildPhase section */
		687B968F1FD02E7A00F39AD2 /* Sources */ = {
			isa = PBXSourcesBuildPhase;
			buildActionMask = 2147483647;
			files = (
				687B96991FD02E7A00F39AD2 /* ViewController.swift in Sources */,
				687B96971FD02E7A00F39AD2 /* AppDelegate.swift in Sources */,
			);
			runOnlyForDeploymentPostprocessing = 0;
		};
/* End PBXSourcesBuildPhase section */

/* Begin PBXVariantGroup section */
		687B969A1FD02E7A00F39AD2 /* Main.storyboard */ = {
			isa = PBXVariantGroup;
			children = (
				687B969B1FD02E7A00F39AD2 /* Base */,
			);
			name = Main.storyboard;
			sourceTree = "<group>";
		};
		687B969F1FD02E7A00F39AD2 /* LaunchScreen.storyboard */ = {
			isa = PBXVariantGroup;
			children = (
				687B96A01FD02E7A00F39AD2 /* Base */,
			);
			name = LaunchScreen.storyboard;
			sourceTree = "<group>";
		};
/* End PBXVariantGroup section */

/* Begin XCBuildConfiguration section */
		687B96A31FD02E7A00F39AD2 /* Debug */ = {
			isa = XCBuildConfiguration;
			buildSettings = {
				ALWAYS_SEARCH_USER_PATHS = NO;
				CLANG_ANALYZER_NONNULL = YES;
				CLANG_ANALYZER_NUMBER_OBJECT_CONVERSION = YES_AGGRESSIVE;
				CLANG_CXX_LANGUAGE_STANDARD = "gnu++14";
				CLANG_CXX_LIBRARY = "libc++";
				CLANG_ENABLE_MODULES = YES;
				CLANG_ENABLE_OBJC_ARC = YES;
				CLANG_WARN_BLOCK_CAPTURE_AUTORELEASING = YES;
				CLANG_WARN_BOOL_CONVERSION = YES;
				CLANG_WARN_COMMA = YES;
				CLANG_WARN_CONSTANT_CONVERSION = YES;
				CLANG_WARN_DIRECT_OBJC_ISA_USAGE = YES_ERROR;
				CLANG_WARN_DOCUMENTATION_COMMENTS = YES;
				CLANG_WARN_EMPTY_BODY = YES;
				CLANG_WARN_ENUM_CONVERSION = YES;
				CLANG_WARN_INFINITE_RECURSION = YES;
				CLANG_WARN_INT_CONVERSION = YES;
				CLANG_WARN_NON_LITERAL_NULL_CONVERSION = YES;
				CLANG_WARN_OBJC_LITERAL_CONVERSION = YES;
				CLANG_WARN_OBJC_ROOT_CLASS = YES_ERROR;
				CLANG_WARN_RANGE_LOOP_ANALYSIS = YES;
				CLANG_WARN_STRICT_PROTOTYPES = YES;
				CLANG_WARN_SUSPICIOUS_MOVE = YES;
				CLANG_WARN_UNGUARDED_AVAILABILITY = YES_AGGRESSIVE;
				CLANG_WARN_UNREACHABLE_CODE = YES;
				CLANG_WARN__DUPLICATE_METHOD_MATCH = YES;
				CODE_SIGN_IDENTITY = "iPhone Developer";
				COPY_PHASE_STRIP = NO;
				DEBUG_INFORMATION_FORMAT = dwarf;
				ENABLE_STRICT_OBJC_MSGSEND = YES;
				ENABLE_TESTABILITY = YES;
				GCC_C_LANGUAGE_STANDARD = gnu11;
				GCC_DYNAMIC_NO_PIC = NO;
				GCC_NO_COMMON_BLOCKS = YES;
				GCC_OPTIMIZATION_LEVEL = 0;
				GCC_PREPROCESSOR_DEFINITIONS = (
					"DEBUG=1",
					"$(inherited)",
				);
				GCC_WARN_64_TO_32_BIT_CONVERSION = YES;
				GCC_WARN_ABOUT_RETURN_TYPE = YES_ERROR;
				GCC_WARN_UNDECLARED_SELECTOR = YES;
				GCC_WARN_UNINITIALIZED_AUTOS = YES_AGGRESSIVE;
				GCC_WARN_UNUSED_FUNCTION = YES;
				GCC_WARN_UNUSED_VARIABLE = YES;
				IPHONEOS_DEPLOYMENT_TARGET = 11.1;
				MTL_ENABLE_DEBUG_INFO = YES;
				ONLY_ACTIVE_ARCH = YES;
				SDKROOT = iphoneos;
				SWIFT_ACTIVE_COMPILATION_CONDITIONS = DEBUG;
				SWIFT_OPTIMIZATION_LEVEL = "-Onone";
			};
			name = Debug;
		};
		687B96A41FD02E7A00F39AD2 /* Release */ = {
			isa = XCBuildConfiguration;
			buildSettings = {
				ALWAYS_SEARCH_USER_PATHS = NO;
				CLANG_ANALYZER_NONNULL = YES;
				CLANG_ANALYZER_NUMBER_OBJECT_CONVERSION = YES_AGGRESSIVE;
				CLANG_CXX_LANGUAGE_STANDARD = "gnu++14";
				CLANG_CXX_LIBRARY = "libc++";
				CLANG_ENABLE_MODULES = YES;
				CLANG_ENABLE_OBJC_ARC = YES;
				CLANG_WARN_BLOCK_CAPTURE_AUTORELEASING = YES;
				CLANG_WARN_BOOL_CONVERSION = YES;
				CLANG_WARN_COMMA = YES;
				CLANG_WARN_CONSTANT_CONVERSION = YES;
				CLANG_WARN_DIRECT_OBJC_ISA_USAGE = YES_ERROR;
				CLANG_WARN_DOCUMENTATION_COMMENTS = YES;
				CLANG_WARN_EMPTY_BODY = YES;
				CLANG_WARN_ENUM_CONVERSION = YES;
				CLANG_WARN_INFINITE_RECURSION = YES;
				CLANG_WARN_INT_CONVERSION = YES;
				CLANG_WARN_NON_LITERAL_NULL_CONVERSION = YES;
				CLANG_WARN_OBJC_LITERAL_CONVERSION = YES;
				CLANG_WARN_OBJC_ROOT_CLASS = YES_ERROR;
				CLANG_WARN_RANGE_LOOP_ANALYSIS = YES;
				CLANG_WARN_STRICT_PROTOTYPES = YES;
				CLANG_WARN_SUSPICIOUS_MOVE = YES;
				CLANG_WARN_UNGUARDED_AVAILABILITY = YES_AGGRESSIVE;
				CLANG_WARN_UNREACHABLE_CODE = YES;
				CLANG_WARN__DUPLICATE_METHOD_MATCH = YES;
				CODE_SIGN_IDENTITY = "iPhone Developer";
				COPY_PHASE_STRIP = NO;
				DEBUG_INFORMATION_FORMAT = "dwarf-with-dsym";
				ENABLE_NS_ASSERTIONS = NO;
				ENABLE_STRICT_OBJC_MSGSEND = YES;
				GCC_C_LANGUAGE_STANDARD = gnu11;
				GCC_NO_COMMON_BLOCKS = YES;
				GCC_WARN_64_TO_32_BIT_CONVERSION = YES;
				GCC_WARN_ABOUT_RETURN_TYPE = YES_ERROR;
				GCC_WARN_UNDECLARED_SELECTOR = YES;
				GCC_WARN_UNINITIALIZED_AUTOS = YES_AGGRESSIVE;
				GCC_WARN_UNUSED_FUNCTION = YES;
				GCC_WARN_UNUSED_VARIABLE = YES;
				IPHONEOS_DEPLOYMENT_TARGET = 11.1;
				MTL_ENABLE_DEBUG_INFO = NO;
				SDKROOT = iphoneos;
				SWIFT_OPTIMIZATION_LEVEL = "-Owholemodule";
				VALIDATE_PRODUCT = YES;
			};
			name = Release;
		};
		687B96A61FD02E7A00F39AD2 /* Debug */ = {
			isa = XCBuildConfiguration;
			buildSettings = {
				ASSETCATALOG_COMPILER_APPICON_NAME = AppIcon;
				CODE_SIGN_STYLE = Automatic;
				DEVELOPMENT_TEAM = XNV2WW4V65;
				FRAMEWORK_SEARCH_PATHS = (
					"$(inherited)",
					"$(PROJECT_DIR)/Carthage/Build/iOS",
				);
				INFOPLIST_FILE = movieStreamerPoc/Info.plist;
				LD_RUNPATH_SEARCH_PATHS = "$(inherited) @executable_path/Frameworks";
				PRODUCT_BUNDLE_IDENTIFIER = thom.movieStreamerPoc;
				PRODUCT_NAME = "$(TARGET_NAME)";
				SWIFT_VERSION = 4.0;
				TARGETED_DEVICE_FAMILY = "1,2";
			};
			name = Debug;
		};
		687B96A71FD02E7A00F39AD2 /* Release */ = {
			isa = XCBuildConfiguration;
			buildSettings = {
				ASSETCATALOG_COMPILER_APPICON_NAME = AppIcon;
				CODE_SIGN_STYLE = Automatic;
				DEVELOPMENT_TEAM = XNV2WW4V65;
				FRAMEWORK_SEARCH_PATHS = (
					"$(inherited)",
					"$(PROJECT_DIR)/Carthage/Build/iOS",
				);
				INFOPLIST_FILE = movieStreamerPoc/Info.plist;
				LD_RUNPATH_SEARCH_PATHS = "$(inherited) @executable_path/Frameworks";
				PRODUCT_BUNDLE_IDENTIFIER = thom.movieStreamerPoc;
				PRODUCT_NAME = "$(TARGET_NAME)";
				SWIFT_VERSION = 4.0;
				TARGETED_DEVICE_FAMILY = "1,2";
			};
			name = Release;
		};
/* End XCBuildConfiguration section */

/* Begin XCConfigurationList section */
		687B968E1FD02E7A00F39AD2 /* Build configuration list for PBXProject "movieStreamerPoc" */ = {
			isa = XCConfigurationList;
			buildConfigurations = (
				687B96A31FD02E7A00F39AD2 /* Debug */,
				687B96A41FD02E7A00F39AD2 /* Release */,
			);
			defaultConfigurationIsVisible = 0;
			defaultConfigurationName = Release;
		};
		687B96A51FD02E7A00F39AD2 /* Build configuration list for PBXNativeTarget "movieStreamerPoc" */ = {
			isa = XCConfigurationList;
			buildConfigurations = (
				687B96A61FD02E7A00F39AD2 /* Debug */,
				687B96A71FD02E7A00F39AD2 /* Release */,
			);
			defaultConfigurationIsVisible = 0;
			defaultConfigurationName = Release;
		};
/* End XCConfigurationList section */
	};
	rootObject = 687B968B1FD02E7A00F39AD2 /* Project object */;
}
