// !$*UTF8*$!
{
	archiveVersion = 1;
	classes = {
	};
	objectVersion = 48;
	objects = {

/* Begin PBXBuildFile section */
		68083DA61FCC437E00CB1980 /* AppDelegate.swift in Sources */ = {isa = PBXBuildFile; fileRef = 68083DA51FCC437E00CB1980 /* AppDelegate.swift */; };
		68083DA81FCC437E00CB1980 /* ViewController.swift in Sources */ = {isa = PBXBuildFile; fileRef = 68083DA71FCC437E00CB1980 /* ViewController.swift */; };
		68083DAB1FCC437E00CB1980 /* Main.storyboard in Resources */ = {isa = PBXBuildFile; fileRef = 68083DA91FCC437E00CB1980 /* Main.storyboard */; };
		68083DAE1FCC437E00CB1980 /* FacebookLoginPoc.xcdatamodeld in Sources */ = {isa = PBXBuildFile; fileRef = 68083DAC1FCC437E00CB1980 /* FacebookLoginPoc.xcdatamodeld */; };
		68083DB01FCC437E00CB1980 /* Assets.xcassets in Resources */ = {isa = PBXBuildFile; fileRef = 68083DAF1FCC437E00CB1980 /* Assets.xcassets */; };
		68083DB31FCC437E00CB1980 /* LaunchScreen.storyboard in Resources */ = {isa = PBXBuildFile; fileRef = 68083DB11FCC437E00CB1980 /* LaunchScreen.storyboard */; };
		68083DC01FCC4E5A00CB1980 /* FBSDKCoreKit.framework in Frameworks */ = {isa = PBXBuildFile; fileRef = 68083DBF1FCC4E5A00CB1980 /* FBSDKCoreKit.framework */; };
		68083DC21FCC4E6200CB1980 /* FBSDKLoginKit.framework in Frameworks */ = {isa = PBXBuildFile; fileRef = 68083DC11FCC4E6200CB1980 /* FBSDKLoginKit.framework */; };
/* End PBXBuildFile section */

/* Begin PBXFileReference section */
		68083DA21FCC437D00CB1980 /* FacebookLoginPoc.app */ = {isa = PBXFileReference; explicitFileType = wrapper.application; includeInIndex = 0; path = FacebookLoginPoc.app; sourceTree = BUILT_PRODUCTS_DIR; };
		68083DA51FCC437E00CB1980 /* AppDelegate.swift */ = {isa = PBXFileReference; lastKnownFileType = sourcecode.swift; path = AppDelegate.swift; sourceTree = "<group>"; };
		68083DA71FCC437E00CB1980 /* ViewController.swift */ = {isa = PBXFileReference; lastKnownFileType = sourcecode.swift; path = ViewController.swift; sourceTree = "<group>"; };
		68083DAA1FCC437E00CB1980 /* Base */ = {isa = PBXFileReference; lastKnownFileType = file.storyboard; name = Base; path = Base.lproj/Main.storyboard; sourceTree = "<group>"; };
		68083DAD1FCC437E00CB1980 /* FacebookLoginPoc.xcdatamodel */ = {isa = PBXFileReference; lastKnownFileType = wrapper.xcdatamodel; path = FacebookLoginPoc.xcdatamodel; sourceTree = "<group>"; };
		68083DAF1FCC437E00CB1980 /* Assets.xcassets */ = {isa = PBXFileReference; lastKnownFileType = folder.assetcatalog; path = Assets.xcassets; sourceTree = "<group>"; };
		68083DB21FCC437E00CB1980 /* Base */ = {isa = PBXFileReference; lastKnownFileType = file.storyboard; name = Base; path = Base.lproj/LaunchScreen.storyboard; sourceTree = "<group>"; };
		68083DB41FCC437E00CB1980 /* Info.plist */ = {isa = PBXFileReference; lastKnownFileType = text.plist.xml; path = Info.plist; sourceTree = "<group>"; };
		68083DBF1FCC4E5A00CB1980 /* FBSDKCoreKit.framework */ = {isa = PBXFileReference; lastKnownFileType = wrapper.framework; name = FBSDKCoreKit.framework; path = "../../FacebookSDKs-iOS-4.28.0/FBSDKCoreKit.framework"; sourceTree = "<group>"; };
		68083DC11FCC4E6200CB1980 /* FBSDKLoginKit.framework */ = {isa = PBXFileReference; lastKnownFileType = wrapper.framework; name = FBSDKLoginKit.framework; path = "../../FacebookSDKs-iOS-4.28.0/FBSDKLoginKit.framework"; sourceTree = "<group>"; };
/* End PBXFileReference section */

/* Begin PBXFrameworksBuildPhase section */
		68083D9F1FCC437D00CB1980 /* Frameworks */ = {
			isa = PBXFrameworksBuildPhase;
			buildActionMask = 2147483647;
			files = (
				68083DC21FCC4E6200CB1980 /* FBSDKLoginKit.framework in Frameworks */,
				68083DC01FCC4E5A00CB1980 /* FBSDKCoreKit.framework in Frameworks */,
			);
			runOnlyForDeploymentPostprocessing = 0;
		};
/* End PBXFrameworksBuildPhase section */

/* Begin PBXGroup section */
		68083D991FCC437D00CB1980 = {
			isa = PBXGroup;
			children = (
				68083DBA1FCC43E500CB1980 /* Frameworks */,
				68083DA41FCC437D00CB1980 /* FacebookLoginPoc */,
				68083DA31FCC437D00CB1980 /* Products */,
			);
			sourceTree = "<group>";
		};
		68083DA31FCC437D00CB1980 /* Products */ = {
			isa = PBXGroup;
			children = (
				68083DA21FCC437D00CB1980 /* FacebookLoginPoc.app */,
			);
			name = Products;
			sourceTree = "<group>";
		};
		68083DA41FCC437D00CB1980 /* FacebookLoginPoc */ = {
			isa = PBXGroup;
			children = (
				68083DA51FCC437E00CB1980 /* AppDelegate.swift */,
				68083DA71FCC437E00CB1980 /* ViewController.swift */,
				68083DA91FCC437E00CB1980 /* Main.storyboard */,
				68083DAF1FCC437E00CB1980 /* Assets.xcassets */,
				68083DB11FCC437E00CB1980 /* LaunchScreen.storyboard */,
				68083DB41FCC437E00CB1980 /* Info.plist */,
				68083DAC1FCC437E00CB1980 /* FacebookLoginPoc.xcdatamodeld */,
			);
			path = FacebookLoginPoc;
			sourceTree = "<group>";
		};
		68083DBA1FCC43E500CB1980 /* Frameworks */ = {
			isa = PBXGroup;
			children = (
				68083DC11FCC4E6200CB1980 /* FBSDKLoginKit.framework */,
				68083DBF1FCC4E5A00CB1980 /* FBSDKCoreKit.framework */,
			);
			path = Frameworks;
			sourceTree = "<group>";
		};
/* End PBXGroup section */

/* Begin PBXNativeTarget section */
		68083DA11FCC437D00CB1980 /* FacebookLoginPoc */ = {
			isa = PBXNativeTarget;
			buildConfigurationList = 68083DB71FCC437E00CB1980 /* Build configuration list for PBXNativeTarget "FacebookLoginPoc" */;
			buildPhases = (
				68083D9E1FCC437D00CB1980 /* Sources */,
				68083D9F1FCC437D00CB1980 /* Frameworks */,
				68083DA01FCC437D00CB1980 /* Resources */,
			);
			buildRules = (
			);
			dependencies = (
			);
			name = FacebookLoginPoc;
			productName = FacebookLoginPoc;
			productReference = 68083DA21FCC437D00CB1980 /* FacebookLoginPoc.app */;
			productType = "com.apple.product-type.application";
		};
/* End PBXNativeTarget section */

/* Begin PBXProject section */
		68083D9A1FCC437D00CB1980 /* Project object */ = {
			isa = PBXProject;
			attributes = {
				LastSwiftUpdateCheck = 0910;
				LastUpgradeCheck = 0910;
				ORGANIZATIONNAME = "Thom Peele";
				TargetAttributes = {
					68083DA11FCC437D00CB1980 = {
						CreatedOnToolsVersion = 9.1;
						ProvisioningStyle = Automatic;
					};
				};
			};
			buildConfigurationList = 68083D9D1FCC437D00CB1980 /* Build configuration list for PBXProject "FacebookLoginPoc" */;
			compatibilityVersion = "Xcode 8.0";
			developmentRegion = en;
			hasScannedForEncodings = 0;
			knownRegions = (
				en,
				Base,
			);
			mainGroup = 68083D991FCC437D00CB1980;
			productRefGroup = 68083DA31FCC437D00CB1980 /* Products */;
			projectDirPath = "";
			projectRoot = "";
			targets = (
				68083DA11FCC437D00CB1980 /* FacebookLoginPoc */,
			);
		};
/* End PBXProject section */

/* Begin PBXResourcesBuildPhase section */
		68083DA01FCC437D00CB1980 /* Resources */ = {
			isa = PBXResourcesBuildPhase;
			buildActionMask = 2147483647;
			files = (
				68083DB31FCC437E00CB1980 /* LaunchScreen.storyboard in Resources */,
				68083DB01FCC437E00CB1980 /* Assets.xcassets in Resources */,
				68083DAB1FCC437E00CB1980 /* Main.storyboard in Resources */,
			);
			runOnlyForDeploymentPostprocessing = 0;
		};
/* End PBXResourcesBuildPhase section */

/* Begin PBXSourcesBuildPhase section */
		68083D9E1FCC437D00CB1980 /* Sources */ = {
			isa = PBXSourcesBuildPhase;
			buildActionMask = 2147483647;
			files = (
				68083DA81FCC437E00CB1980 /* ViewController.swift in Sources */,
				68083DA61FCC437E00CB1980 /* AppDelegate.swift in Sources */,
				68083DAE1FCC437E00CB1980 /* FacebookLoginPoc.xcdatamodeld in Sources */,
			);
			runOnlyForDeploymentPostprocessing = 0;
		};
/* End PBXSourcesBuildPhase section */

/* Begin PBXVariantGroup section */
		68083DA91FCC437E00CB1980 /* Main.storyboard */ = {
			isa = PBXVariantGroup;
			children = (
				68083DAA1FCC437E00CB1980 /* Base */,
			);
			name = Main.storyboard;
			sourceTree = "<group>";
		};
		68083DB11FCC437E00CB1980 /* LaunchScreen.storyboard */ = {
			isa = PBXVariantGroup;
			children = (
				68083DB21FCC437E00CB1980 /* Base */,
			);
			name = LaunchScreen.storyboard;
			sourceTree = "<group>";
		};
/* End PBXVariantGroup section */

/* Begin XCBuildConfiguration section */
		68083DB51FCC437E00CB1980 /* Debug */ = {
			isa = XCBuildConfiguration;
			buildSettings = {
				ALWAYS_SEARCH_USER_PATHS = NO;
				CLANG_ANALYZER_NONNULL = YES;
				CLANG_ANALYZER_NUMBER_OBJECT_CONVERSION = YES_AGGRESSIVE;
				CLANG_CXX_LANGUAGE_STANDARD = "gnu++14";
				CLANG_CXX_LIBRARY = "libc++";
				CLANG_ENABLE_MODULES = YES;
				CLANG_ENABLE_OBJC_ARC = YES;
				CLANG_WARN_BLOCK_CAPTURE_AUTORELEASING = YES;
				CLANG_WARN_BOOL_CONVERSION = YES;
				CLANG_WARN_COMMA = YES;
				CLANG_WARN_CONSTANT_CONVERSION = YES;
				CLANG_WARN_DIRECT_OBJC_ISA_USAGE = YES_ERROR;
				CLANG_WARN_DOCUMENTATION_COMMENTS = YES;
				CLANG_WARN_EMPTY_BODY = YES;
				CLANG_WARN_ENUM_CONVERSION = YES;
				CLANG_WARN_INFINITE_RECURSION = YES;
				CLANG_WARN_INT_CONVERSION = YES;
				CLANG_WARN_NON_LITERAL_NULL_CONVERSION = YES;
				CLANG_WARN_OBJC_LITERAL_CONVERSION = YES;
				CLANG_WARN_OBJC_ROOT_CLASS = YES_ERROR;
				CLANG_WARN_RANGE_LOOP_ANALYSIS = YES;
				CLANG_WARN_STRICT_PROTOTYPES = YES;
				CLANG_WARN_SUSPICIOUS_MOVE = YES;
				CLANG_WARN_UNGUARDED_AVAILABILITY = YES_AGGRESSIVE;
				CLANG_WARN_UNREACHABLE_CODE = YES;
				CLANG_WARN__DUPLICATE_METHOD_MATCH = YES;
				CODE_SIGN_IDENTITY = "iPhone Developer";
				COPY_PHASE_STRIP = NO;
				DEBUG_INFORMATION_FORMAT = dwarf;
				ENABLE_STRICT_OBJC_MSGSEND = YES;
				ENABLE_TESTABILITY = YES;
				GCC_C_LANGUAGE_STANDARD = gnu11;
				GCC_DYNAMIC_NO_PIC = NO;
				GCC_NO_COMMON_BLOCKS = YES;
				GCC_OPTIMIZATION_LEVEL = 0;
				GCC_PREPROCESSOR_DEFINITIONS = (
					"DEBUG=1",
					"$(inherited)",
				);
				GCC_WARN_64_TO_32_BIT_CONVERSION = YES;
				GCC_WARN_ABOUT_RETURN_TYPE = YES_ERROR;
				GCC_WARN_UNDECLARED_SELECTOR = YES;
				GCC_WARN_UNINITIALIZED_AUTOS = YES_AGGRESSIVE;
				GCC_WARN_UNUSED_FUNCTION = YES;
				GCC_WARN_UNUSED_VARIABLE = YES;
				IPHONEOS_DEPLOYMENT_TARGET = 11.1;
				MTL_ENABLE_DEBUG_INFO = YES;
				ONLY_ACTIVE_ARCH = YES;
				SDKROOT = iphoneos;
				SWIFT_ACTIVE_COMPILATION_CONDITIONS = DEBUG;
				SWIFT_OPTIMIZATION_LEVEL = "-Onone";
			};
			name = Debug;
		};
		68083DB61FCC437E00CB1980 /* Release */ = {
			isa = XCBuildConfiguration;
			buildSettings = {
				ALWAYS_SEARCH_USER_PATHS = NO;
				CLANG_ANALYZER_NONNULL = YES;
				CLANG_ANALYZER_NUMBER_OBJECT_CONVERSION = YES_AGGRESSIVE;
				CLANG_CXX_LANGUAGE_STANDARD = "gnu++14";
				CLANG_CXX_LIBRARY = "libc++";
				CLANG_ENABLE_MODULES = YES;
				CLANG_ENABLE_OBJC_ARC = YES;
				CLANG_WARN_BLOCK_CAPTURE_AUTORELEASING = YES;
				CLANG_WARN_BOOL_CONVERSION = YES;
				CLANG_WARN_COMMA = YES;
				CLANG_WARN_CONSTANT_CONVERSION = YES;
				CLANG_WARN_DIRECT_OBJC_ISA_USAGE = YES_ERROR;
				CLANG_WARN_DOCUMENTATION_COMMENTS = YES;
				CLANG_WARN_EMPTY_BODY = YES;
				CLANG_WARN_ENUM_CONVERSION = YES;
				CLANG_WARN_INFINITE_RECURSION = YES;
				CLANG_WARN_INT_CONVERSION = YES;
				CLANG_WARN_NON_LITERAL_NULL_CONVERSION = YES;
				CLANG_WARN_OBJC_LITERAL_CONVERSION = YES;
				CLANG_WARN_OBJC_ROOT_CLASS = YES_ERROR;
				CLANG_WARN_RANGE_LOOP_ANALYSIS = YES;
				CLANG_WARN_STRICT_PROTOTYPES = YES;
				CLANG_WARN_SUSPICIOUS_MOVE = YES;
				CLANG_WARN_UNGUARDED_AVAILABILITY = YES_AGGRESSIVE;
				CLANG_WARN_UNREACHABLE_CODE = YES;
				CLANG_WARN__DUPLICATE_METHOD_MATCH = YES;
				CODE_SIGN_IDENTITY = "iPhone Developer";
				COPY_PHASE_STRIP = NO;
				DEBUG_INFORMATION_FORMAT = "dwarf-with-dsym";
				ENABLE_NS_ASSERTIONS = NO;
				ENABLE_STRICT_OBJC_MSGSEND = YES;
				GCC_C_LANGUAGE_STANDARD = gnu11;
				GCC_NO_COMMON_BLOCKS = YES;
				GCC_WARN_64_TO_32_BIT_CONVERSION = YES;
				GCC_WARN_ABOUT_RETURN_TYPE = YES_ERROR;
				GCC_WARN_UNDECLARED_SELECTOR = YES;
				GCC_WARN_UNINITIALIZED_AUTOS = YES_AGGRESSIVE;
				GCC_WARN_UNUSED_FUNCTION = YES;
				GCC_WARN_UNUSED_VARIABLE = YES;
				IPHONEOS_DEPLOYMENT_TARGET = 11.1;
				MTL_ENABLE_DEBUG_INFO = NO;
				SDKROOT = iphoneos;
				SWIFT_OPTIMIZATION_LEVEL = "-Owholemodule";
				VALIDATE_PRODUCT = YES;
			};
			name = Release;
		};
		68083DB81FCC437E00CB1980 /* Debug */ = {
			isa = XCBuildConfiguration;
			buildSettings = {
				ASSETCATALOG_COMPILER_APPICON_NAME = AppIcon;
				CODE_SIGN_STYLE = Automatic;
				DEVELOPMENT_TEAM = XNV2WW4V65;
				ENABLE_BITCODE = NO;
				FRAMEWORK_SEARCH_PATHS = (
					"$(inherited)",
					"$(PROJECT_DIR)/Frameworks",
				);
				"FRAMEWORK_SEARCH_PATHS[arch=*]" = "/Users/thompeele/Desktop/school/Project/Week2/FacebookSDKs-iOS-4.28.0";
				INFOPLIST_FILE = FacebookLoginPoc/Info.plist;
				LD_RUNPATH_SEARCH_PATHS = "$(inherited) @executable_path/Frameworks";
				PRODUCT_BUNDLE_IDENTIFIER = thom.FacebookLoginPoc;
				PRODUCT_NAME = "$(TARGET_NAME)";
				SWIFT_VERSION = 4.0;
				TARGETED_DEVICE_FAMILY = "1,2";
			};
			name = Debug;
		};
		68083DB91FCC437E00CB1980 /* Release */ = {
			isa = XCBuildConfiguration;
			buildSettings = {
				ASSETCATALOG_COMPILER_APPICON_NAME = AppIcon;
				CODE_SIGN_STYLE = Automatic;
				DEVELOPMENT_TEAM = XNV2WW4V65;
				ENABLE_BITCODE = NO;
				FRAMEWORK_SEARCH_PATHS = (
					"$(inherited)",
					"$(PROJECT_DIR)/Frameworks",
				);
				INFOPLIST_FILE = FacebookLoginPoc/Info.plist;
				LD_RUNPATH_SEARCH_PATHS = "$(inherited) @executable_path/Frameworks";
				PRODUCT_BUNDLE_IDENTIFIER = thom.FacebookLoginPoc;
				PRODUCT_NAME = "$(TARGET_NAME)";
				SWIFT_VERSION = 4.0;
				TARGETED_DEVICE_FAMILY = "1,2";
			};
			name = Release;
		};
/* End XCBuildConfiguration section */

/* Begin XCConfigurationList section */
		68083D9D1FCC437D00CB1980 /* Build configuration list for PBXProject "FacebookLoginPoc" */ = {
			isa = XCConfigurationList;
			buildConfigurations = (
				68083DB51FCC437E00CB1980 /* Debug */,
				68083DB61FCC437E00CB1980 /* Release */,
			);
			defaultConfigurationIsVisible = 0;
			defaultConfigurationName = Release;
		};
		68083DB71FCC437E00CB1980 /* Build configuration list for PBXNativeTarget "FacebookLoginPoc" */ = {
			isa = XCConfigurationList;
			buildConfigurations = (
				68083DB81FCC437E00CB1980 /* Debug */,
				68083DB91FCC437E00CB1980 /* Release */,
			);
			defaultConfigurationIsVisible = 0;
			defaultConfigurationName = Release;
		};
/* End XCConfigurationList section */

/* Begin XCVersionGroup section */
		68083DAC1FCC437E00CB1980 /* FacebookLoginPoc.xcdatamodeld */ = {
			isa = XCVersionGroup;
			children = (
				68083DAD1FCC437E00CB1980 /* FacebookLoginPoc.xcdatamodel */,
			);
			currentVersion = 68083DAD1FCC437E00CB1980 /* FacebookLoginPoc.xcdatamodel */;
			path = FacebookLoginPoc.xcdatamodeld;
			sourceTree = "<group>";
			versionGroupType = wrapper.xcdatamodel;
		};
/* End XCVersionGroup section */
	};
	rootObject = 68083D9A1FCC437D00CB1980 /* Project object */;
}
